
Microsoft Visual Studio Solution File, Format Version 12.00
# Visual Studio Version 16
VisualStudioVersion = 16.0.29324.140
MinimumVisualStudioVersion = 10.0.40219.1
Project("{FAE04EC0-301F-11D3-BF4B-00C04F79EFBC}") = "XrnCourse.NativeServices.UWP", "XrnCourse.NativeServices\XrnCourse.NativeServices.UWP\XrnCourse.NativeServices.UWP.csproj", "{4610C6CD-0876-4632-BE24-2FB539ABDB82}"
EndProject
Project("{FAE04EC0-301F-11D3-BF4B-00C04F79EFBC}") = "XrnCourse.NativeServices.Android", "XrnCourse.NativeServices\XrnCourse.NativeServices.Android\XrnCourse.NativeServices.Android.csproj", "{0CC03A3D-88B4-4D44-A827-AC6EB80A5C97}"
EndProject
Project("{FAE04EC0-301F-11D3-BF4B-00C04F79EFBC}") = "XrnCourse.NativeServices.iOS", "XrnCourse.NativeServices\XrnCourse.NativeServices.iOS\XrnCourse.NativeServices.iOS.csproj", "{4204C81A-D7EA-4D89-A739-17BCC4A3A4EC}"
EndProject
Project("{9A19103F-16F7-4668-BE54-9A1E7A4F7556}") = "XrnCourse.NativeServices", "XrnCourse.NativeServices\XrnCourse.NativeServices\XrnCourse.NativeServices.csproj", "{ADCCC3A6-979B-4043-9432-33B5D398C50F}"
EndProject
Project("{2150E333-8FDC-42A3-9474-1A3956D46DE8}") = "Tests", "Tests", "{85EBB707-C281-4647-8F02-6664DB79A5B0}"
EndProject
Project("{FAE04EC0-301F-11D3-BF4B-00C04F79EFBC}") = "XrnCourse.NativeServices.Tests", "XrnCourse.NativeServices.Tests\XrnCourse.NativeServices.Tests.csproj", "{84EF3A31-D9CE-45D3-83A1-FCF143B5D89B}"
EndProject
Global
	GlobalSection(SolutionConfigurationPlatforms) = preSolution
		Debug|Any CPU = Debug|Any CPU
		Debug|ARM = Debug|ARM
		Debug|iPhone = Debug|iPhone
		Debug|iPhoneSimulator = Debug|iPhoneSimulator
		Debug|x64 = Debug|x64
		Debug|x86 = Debug|x86
		Release|Any CPU = Release|Any CPU
		Release|ARM = Release|ARM
		Release|iPhone = Release|iPhone
		Release|iPhoneSimulator = Release|iPhoneSimulator
		Release|x64 = Release|x64
		Release|x86 = Release|x86
	EndGlobalSection
	GlobalSection(ProjectConfigurationPlatforms) = postSolution
		{4610C6CD-0876-4632-BE24-2FB539ABDB82}.Debug|Any CPU.ActiveCfg = Debug|x86
		{4610C6CD-0876-4632-BE24-2FB539ABDB82}.Debug|Any CPU.Build.0 = Debug|x86
		{4610C6CD-0876-4632-BE24-2FB539ABDB82}.Debug|Any CPU.Deploy.0 = Debug|x86
		{4610C6CD-0876-4632-BE24-2FB539ABDB82}.Debug|ARM.ActiveCfg = Debug|ARM
		{4610C6CD-0876-4632-BE24-2FB539ABDB82}.Debug|ARM.Build.0 = Debug|ARM
		{4610C6CD-0876-4632-BE24-2FB539ABDB82}.Debug|ARM.Deploy.0 = Debug|ARM
		{4610C6CD-0876-4632-BE24-2FB539ABDB82}.Debug|iPhone.ActiveCfg = Debug|x86
		{4610C6CD-0876-4632-BE24-2FB539ABDB82}.Debug|iPhone.Build.0 = Debug|x86
		{4610C6CD-0876-4632-BE24-2FB539ABDB82}.Debug|iPhone.Deploy.0 = Debug|x86
		{4610C6CD-0876-4632-BE24-2FB539ABDB82}.Debug|iPhoneSimulator.ActiveCfg = Debug|x86
		{4610C6CD-0876-4632-BE24-2FB539ABDB82}.Debug|iPhoneSimulator.Build.0 = Debug|x86
		{4610C6CD-0876-4632-BE24-2FB539ABDB82}.Debug|iPhoneSimulator.Deploy.0 = Debug|x86
		{4610C6CD-0876-4632-BE24-2FB539ABDB82}.Debug|x64.ActiveCfg = Debug|x64
		{4610C6CD-0876-4632-BE24-2FB539ABDB82}.Debug|x64.Build.0 = Debug|x64
		{4610C6CD-0876-4632-BE24-2FB539ABDB82}.Debug|x64.Deploy.0 = Debug|x64
		{4610C6CD-0876-4632-BE24-2FB539ABDB82}.Debug|x86.ActiveCfg = Debug|x86
		{4610C6CD-0876-4632-BE24-2FB539ABDB82}.Debug|x86.Build.0 = Debug|x86
		{4610C6CD-0876-4632-BE24-2FB539ABDB82}.Debug|x86.Deploy.0 = Debug|x86
		{4610C6CD-0876-4632-BE24-2FB539ABDB82}.Release|Any CPU.ActiveCfg = Release|x86
		{4610C6CD-0876-4632-BE24-2FB539ABDB82}.Release|Any CPU.Build.0 = Release|x86
		{4610C6CD-0876-4632-BE24-2FB539ABDB82}.Release|Any CPU.Deploy.0 = Release|x86
		{4610C6CD-0876-4632-BE24-2FB539ABDB82}.Release|ARM.ActiveCfg = Release|ARM
		{4610C6CD-0876-4632-BE24-2FB539ABDB82}.Release|ARM.Build.0 = Release|ARM
		{4610C6CD-0876-4632-BE24-2FB539ABDB82}.Release|ARM.Deploy.0 = Release|ARM
		{4610C6CD-0876-4632-BE24-2FB539ABDB82}.Release|iPhone.ActiveCfg = Release|x86
		{4610C6CD-0876-4632-BE24-2FB539ABDB82}.Release|iPhone.Build.0 = Release|x86
		{4610C6CD-0876-4632-BE24-2FB539ABDB82}.Release|iPhone.Deploy.0 = Release|x86
		{4610C6CD-0876-4632-BE24-2FB539ABDB82}.Release|iPhoneSimulator.ActiveCfg = Release|x86
		{4610C6CD-0876-4632-BE24-2FB539ABDB82}.Release|iPhoneSimulator.Build.0 = Release|x86
		{4610C6CD-0876-4632-BE24-2FB539ABDB82}.Release|iPhoneSimulator.Deploy.0 = Release|x86
		{4610C6CD-0876-4632-BE24-2FB539ABDB82}.Release|x64.ActiveCfg = Release|x64
		{4610C6CD-0876-4632-BE24-2FB539ABDB82}.Release|x64.Build.0 = Release|x64
		{4610C6CD-0876-4632-BE24-2FB539ABDB82}.Release|x64.Deploy.0 = Release|x64
		{4610C6CD-0876-4632-BE24-2FB539ABDB82}.Release|x86.ActiveCfg = Release|x86
		{4610C6CD-0876-4632-BE24-2FB539ABDB82}.Release|x86.Build.0 = Release|x86
		{4610C6CD-0876-4632-BE24-2FB539ABDB82}.Release|x86.Deploy.0 = Release|x86
		{0CC03A3D-88B4-4D44-A827-AC6EB80A5C97}.Debug|Any CPU.ActiveCfg = Debug|Any CPU
		{0CC03A3D-88B4-4D44-A827-AC6EB80A5C97}.Debug|Any CPU.Build.0 = Debug|Any CPU
		{0CC03A3D-88B4-4D44-A827-AC6EB80A5C97}.Debug|Any CPU.Deploy.0 = Debug|Any CPU
		{0CC03A3D-88B4-4D44-A827-AC6EB80A5C97}.Debug|ARM.ActiveCfg = Debug|Any CPU
		{0CC03A3D-88B4-4D44-A827-AC6EB80A5C97}.Debug|ARM.Build.0 = Debug|Any CPU
		{0CC03A3D-88B4-4D44-A827-AC6EB80A5C97}.Debug|ARM.Deploy.0 = Debug|Any CPU
		{0CC03A3D-88B4-4D44-A827-AC6EB80A5C97}.Debug|iPhone.ActiveCfg = Debug|Any CPU
		{0CC03A3D-88B4-4D44-A827-AC6EB80A5C97}.Debug|iPhone.Build.0 = Debug|Any CPU
		{0CC03A3D-88B4-4D44-A827-AC6EB80A5C97}.Debug|iPhone.Deploy.0 = Debug|Any CPU
		{0CC03A3D-88B4-4D44-A827-AC6EB80A5C97}.Debug|iPhoneSimulator.ActiveCfg = Debug|Any CPU
		{0CC03A3D-88B4-4D44-A827-AC6EB80A5C97}.Debug|iPhoneSimulator.Build.0 = Debug|Any CPU
		{0CC03A3D-88B4-4D44-A827-AC6EB80A5C97}.Debug|iPhoneSimulator.Deploy.0 = Debug|Any CPU
		{0CC03A3D-88B4-4D44-A827-AC6EB80A5C97}.Debug|x64.ActiveCfg = Debug|Any CPU
		{0CC03A3D-88B4-4D44-A827-AC6EB80A5C97}.Debug|x64.Build.0 = Debug|Any CPU
		{0CC03A3D-88B4-4D44-A827-AC6EB80A5C97}.Debug|x64.Deploy.0 = Debug|Any CPU
		{0CC03A3D-88B4-4D44-A827-AC6EB80A5C97}.Debug|x86.ActiveCfg = Debug|Any CPU
		{0CC03A3D-88B4-4D44-A827-AC6EB80A5C97}.Debug|x86.Build.0 = Debug|Any CPU
		{0CC03A3D-88B4-4D44-A827-AC6EB80A5C97}.Debug|x86.Deploy.0 = Debug|Any CPU
		{0CC03A3D-88B4-4D44-A827-AC6EB80A5C97}.Release|Any CPU.ActiveCfg = Release|Any CPU
		{0CC03A3D-88B4-4D44-A827-AC6EB80A5C97}.Release|Any CPU.Build.0 = Release|Any CPU
		{0CC03A3D-88B4-4D44-A827-AC6EB80A5C97}.Release|Any CPU.Deploy.0 = Release|Any CPU
		{0CC03A3D-88B4-4D44-A827-AC6EB80A5C97}.Release|ARM.ActiveCfg = Release|Any CPU
		{0CC03A3D-88B4-4D44-A827-AC6EB80A5C97}.Release|ARM.Build.0 = Release|Any CPU
		{0CC03A3D-88B4-4D44-A827-AC6EB80A5C97}.Release|ARM.Deploy.0 = Release|Any CPU
		{0CC03A3D-88B4-4D44-A827-AC6EB80A5C97}.Release|iPhone.ActiveCfg = Release|Any CPU
		{0CC03A3D-88B4-4D44-A827-AC6EB80A5C97}.Release|iPhone.Build.0 = Release|Any CPU
		{0CC03A3D-88B4-4D44-A827-AC6EB80A5C97}.Release|iPhone.Deploy.0 = Release|Any CPU
		{0CC03A3D-88B4-4D44-A827-AC6EB80A5C97}.Release|iPhoneSimulator.ActiveCfg = Release|Any CPU
		{0CC03A3D-88B4-4D44-A827-AC6EB80A5C97}.Release|iPhoneSimulator.Build.0 = Release|Any CPU
		{0CC03A3D-88B4-4D44-A827-AC6EB80A5C97}.Release|iPhoneSimulator.Deploy.0 = Release|Any CPU
		{0CC03A3D-88B4-4D44-A827-AC6EB80A5C97}.Release|x64.ActiveCfg = Release|Any CPU
		{0CC03A3D-88B4-4D44-A827-AC6EB80A5C97}.Release|x64.Build.0 = Release|Any CPU
		{0CC03A3D-88B4-4D44-A827-AC6EB80A5C97}.Release|x64.Deploy.0 = Release|Any CPU
		{0CC03A3D-88B4-4D44-A827-AC6EB80A5C97}.Release|x86.ActiveCfg = Release|Any CPU
		{0CC03A3D-88B4-4D44-A827-AC6EB80A5C97}.Release|x86.Build.0 = Release|Any CPU
		{0CC03A3D-88B4-4D44-A827-AC6EB80A5C97}.Release|x86.Deploy.0 = Release|Any CPU
		{4204C81A-D7EA-4D89-A739-17BCC4A3A4EC}.Debug|Any CPU.ActiveCfg = Debug|iPhone
		{4204C81A-D7EA-4D89-A739-17BCC4A3A4EC}.Debug|Any CPU.Build.0 = Debug|iPhone
		{4204C81A-D7EA-4D89-A739-17BCC4A3A4EC}.Debug|Any CPU.Deploy.0 = Debug|iPhone
		{4204C81A-D7EA-4D89-A739-17BCC4A3A4EC}.Debug|ARM.ActiveCfg = Debug|iPhoneSimulator
		{4204C81A-D7EA-4D89-A739-17BCC4A3A4EC}.Debug|ARM.Build.0 = Debug|iPhoneSimulator
		{4204C81A-D7EA-4D89-A739-17BCC4A3A4EC}.Debug|ARM.Deploy.0 = Debug|iPhoneSimulator
		{4204C81A-D7EA-4D89-A739-17BCC4A3A4EC}.Debug|iPhone.ActiveCfg = Debug|iPhone
		{4204C81A-D7EA-4D89-A739-17BCC4A3A4EC}.Debug|iPhone.Build.0 = Debug|iPhone
		{4204C81A-D7EA-4D89-A739-17BCC4A3A4EC}.Debug|iPhone.Deploy.0 = Debug|iPhone
		{4204C81A-D7EA-4D89-A739-17BCC4A3A4EC}.Debug|iPhoneSimulator.ActiveCfg = Debug|iPhoneSimulator
		{4204C81A-D7EA-4D89-A739-17BCC4A3A4EC}.Debug|iPhoneSimulator.Build.0 = Debug|iPhoneSimulator
		{4204C81A-D7EA-4D89-A739-17BCC4A3A4EC}.Debug|iPhoneSimulator.Deploy.0 = Debug|iPhoneSimulator
		{4204C81A-D7EA-4D89-A739-17BCC4A3A4EC}.Debug|x64.ActiveCfg = Debug|iPhone
		{4204C81A-D7EA-4D89-A739-17BCC4A3A4EC}.Debug|x64.Build.0 = Debug|iPhone
		{4204C81A-D7EA-4D89-A739-17BCC4A3A4EC}.Debug|x64.Deploy.0 = Debug|iPhone
		{4204C81A-D7EA-4D89-A739-17BCC4A3A4EC}.Debug|x86.ActiveCfg = Debug|iPhone
		{4204C81A-D7EA-4D89-A739-17BCC4A3A4EC}.Debug|x86.Build.0 = Debug|iPhone
		{4204C81A-D7EA-4D89-A739-17BCC4A3A4EC}.Debug|x86.Deploy.0 = Debug|iPhone
		{4204C81A-D7EA-4D89-A739-17BCC4A3A4EC}.Release|Any CPU.ActiveCfg = Release|iPhone
		{4204C81A-D7EA-4D89-A739-17BCC4A3A4EC}.Release|Any CPU.Build.0 = Release|iPhone
		{4204C81A-D7EA-4D89-A739-17BCC4A3A4EC}.Release|Any CPU.Deploy.0 = Release|iPhone
		{4204C81A-D7EA-4D89-A739-17BCC4A3A4EC}.Release|ARM.ActiveCfg = Release|iPhone
		{4204C81A-D7EA-4D89-A739-17BCC4A3A4EC}.Release|ARM.Build.0 = Release|iPhone
		{4204C81A-D7EA-4D89-A739-17BCC4A3A4EC}.Release|ARM.Deploy.0 = Release|iPhone
		{4204C81A-D7EA-4D89-A739-17BCC4A3A4EC}.Release|iPhone.ActiveCfg = Release|iPhone
		{4204C81A-D7EA-4D89-A739-17BCC4A3A4EC}.Release|iPhone.Build.0 = Release|iPhone
		{4204C81A-D7EA-4D89-A739-17BCC4A3A4EC}.Release|iPhone.Deploy.0 = Release|iPhone
		{4204C81A-D7EA-4D89-A739-17BCC4A3A4EC}.Release|iPhoneSimulator.ActiveCfg = Release|iPhoneSimulator
		{4204C81A-D7EA-4D89-A739-17BCC4A3A4EC}.Release|iPhoneSimulator.Build.0 = Release|iPhoneSimulator
		{4204C81A-D7EA-4D89-A739-17BCC4A3A4EC}.Release|iPhoneSimulator.Deploy.0 = Release|iPhoneSimulator
		{4204C81A-D7EA-4D89-A739-17BCC4A3A4EC}.Release|x64.ActiveCfg = Release|iPhone
		{4204C81A-D7EA-4D89-A739-17BCC4A3A4EC}.Release|x64.Build.0 = Release|iPhone
		{4204C81A-D7EA-4D89-A739-17BCC4A3A4EC}.Release|x64.Deploy.0 = Release|iPhone
		{4204C81A-D7EA-4D89-A739-17BCC4A3A4EC}.Release|x86.ActiveCfg = Release|iPhone
		{4204C81A-D7EA-4D89-A739-17BCC4A3A4EC}.Release|x86.Build.0 = Release|iPhone
		{4204C81A-D7EA-4D89-A739-17BCC4A3A4EC}.Release|x86.Deploy.0 = Release|iPhone
		{ADCCC3A6-979B-4043-9432-33B5D398C50F}.Debug|Any CPU.ActiveCfg = Debug|Any CPU
		{ADCCC3A6-979B-4043-9432-33B5D398C50F}.Debug|Any CPU.Build.0 = Debug|Any CPU
		{ADCCC3A6-979B-4043-9432-33B5D398C50F}.Debug|Any CPU.Deploy.0 = Debug|Any CPU
		{ADCCC3A6-979B-4043-9432-33B5D398C50F}.Debug|ARM.ActiveCfg = Debug|Any CPU
		{ADCCC3A6-979B-4043-9432-33B5D398C50F}.Debug|ARM.Build.0 = Debug|Any CPU
		{ADCCC3A6-979B-4043-9432-33B5D398C50F}.Debug|ARM.Deploy.0 = Debug|Any CPU
		{ADCCC3A6-979B-4043-9432-33B5D398C50F}.Debug|iPhone.ActiveCfg = Debug|Any CPU
		{ADCCC3A6-979B-4043-9432-33B5D398C50F}.Debug|iPhone.Build.0 = Debug|Any CPU
		{ADCCC3A6-979B-4043-9432-33B5D398C50F}.Debug|iPhone.Deploy.0 = Debug|Any CPU
		{ADCCC3A6-979B-4043-9432-33B5D398C50F}.Debug|iPhoneSimulator.ActiveCfg = Debug|Any CPU
		{ADCCC3A6-979B-4043-9432-33B5D398C50F}.Debug|iPhoneSimulator.Build.0 = Debug|Any CPU
		{ADCCC3A6-979B-4043-9432-33B5D398C50F}.Debug|iPhoneSimulator.Deploy.0 = Debug|Any CPU
		{ADCCC3A6-979B-4043-9432-33B5D398C50F}.Debug|x64.ActiveCfg = Debug|Any CPU
		{ADCCC3A6-979B-4043-9432-33B5D398C50F}.Debug|x64.Build.0 = Debug|Any CPU
		{ADCCC3A6-979B-4043-9432-33B5D398C50F}.Debug|x64.Deploy.0 = Debug|Any CPU
		{ADCCC3A6-979B-4043-9432-33B5D398C50F}.Debug|x86.ActiveCfg = Debug|Any CPU
		{ADCCC3A6-979B-4043-9432-33B5D398C50F}.Debug|x86.Build.0 = Debug|Any CPU
		{ADCCC3A6-979B-4043-9432-33B5D398C50F}.Debug|x86.Deploy.0 = Debug|Any CPU
		{ADCCC3A6-979B-4043-9432-33B5D398C50F}.Release|Any CPU.ActiveCfg = Release|Any CPU
		{ADCCC3A6-979B-4043-9432-33B5D398C50F}.Release|Any CPU.Build.0 = Release|Any CPU
		{ADCCC3A6-979B-4043-9432-33B5D398C50F}.Release|Any CPU.Deploy.0 = Release|Any CPU
		{ADCCC3A6-979B-4043-9432-33B5D398C50F}.Release|ARM.ActiveCfg = Release|Any CPU
		{ADCCC3A6-979B-4043-9432-33B5D398C50F}.Release|ARM.Build.0 = Release|Any CPU
		{ADCCC3A6-979B-4043-9432-33B5D398C50F}.Release|ARM.Deploy.0 = Release|Any CPU
		{ADCCC3A6-979B-4043-9432-33B5D398C50F}.Release|iPhone.ActiveCfg = Release|Any CPU
		{ADCCC3A6-979B-4043-9432-33B5D398C50F}.Release|iPhone.Build.0 = Release|Any CPU
		{ADCCC3A6-979B-4043-9432-33B5D398C50F}.Release|iPhone.Deploy.0 = Release|Any CPU
		{ADCCC3A6-979B-4043-9432-33B5D398C50F}.Release|iPhoneSimulator.ActiveCfg = Release|Any CPU
		{ADCCC3A6-979B-4043-9432-33B5D398C50F}.Release|iPhoneSimulator.Build.0 = Release|Any CPU
		{ADCCC3A6-979B-4043-9432-33B5D398C50F}.Release|iPhoneSimulator.Deploy.0 = Release|Any CPU
		{ADCCC3A6-979B-4043-9432-33B5D398C50F}.Release|x64.ActiveCfg = Release|Any CPU
		{ADCCC3A6-979B-4043-9432-33B5D398C50F}.Release|x64.Build.0 = Release|Any CPU
		{ADCCC3A6-979B-4043-9432-33B5D398C50F}.Release|x64.Deploy.0 = Release|Any CPU
		{ADCCC3A6-979B-4043-9432-33B5D398C50F}.Release|x86.ActiveCfg = Release|Any CPU
		{ADCCC3A6-979B-4043-9432-33B5D398C50F}.Release|x86.Build.0 = Release|Any CPU
		{ADCCC3A6-979B-4043-9432-33B5D398C50F}.Release|x86.Deploy.0 = Release|Any CPU
		{84EF3A31-D9CE-45D3-83A1-FCF143B5D89B}.Debug|Any CPU.ActiveCfg = Debug|Any CPU
		{84EF3A31-D9CE-45D3-83A1-FCF143B5D89B}.Debug|Any CPU.Build.0 = Debug|Any CPU
		{84EF3A31-D9CE-45D3-83A1-FCF143B5D89B}.Debug|ARM.ActiveCfg = Debug|Any CPU
		{84EF3A31-D9CE-45D3-83A1-FCF143B5D89B}.Debug|ARM.Build.0 = Debug|Any CPU
		{84EF3A31-D9CE-45D3-83A1-FCF143B5D89B}.Debug|iPhone.ActiveCfg = Debug|Any CPU
		{84EF3A31-D9CE-45D3-83A1-FCF143B5D89B}.Debug|iPhone.Build.0 = Debug|Any CPU
		{84EF3A31-D9CE-45D3-83A1-FCF143B5D89B}.Debug|iPhoneSimulator.ActiveCfg = Debug|Any CPU
		{84EF3A31-D9CE-45D3-83A1-FCF143B5D89B}.Debug|iPhoneSimulator.Build.0 = Debug|Any CPU
		{84EF3A31-D9CE-45D3-83A1-FCF143B5D89B}.Debug|x64.ActiveCfg = Debug|Any CPU
		{84EF3A31-D9CE-45D3-83A1-FCF143B5D89B}.Debug|x64.Build.0 = Debug|Any CPU
		{84EF3A31-D9CE-45D3-83A1-FCF143B5D89B}.Debug|x86.ActiveCfg = Debug|Any CPU
		{84EF3A31-D9CE-45D3-83A1-FCF143B5D89B}.Debug|x86.Build.0 = Debug|Any CPU
		{84EF3A31-D9CE-45D3-83A1-FCF143B5D89B}.Release|Any CPU.ActiveCfg = Release|Any CPU
		{84EF3A31-D9CE-45D3-83A1-FCF143B5D89B}.Release|Any CPU.Build.0 = Release|Any CPU
		{84EF3A31-D9CE-45D3-83A1-FCF143B5D89B}.Release|ARM.ActiveCfg = Release|Any CPU
		{84EF3A31-D9CE-45D3-83A1-FCF143B5D89B}.Release|ARM.Build.0 = Release|Any CPU
		{84EF3A31-D9CE-45D3-83A1-FCF143B5D89B}.Release|iPhone.ActiveCfg = Release|Any CPU
		{84EF3A31-D9CE-45D3-83A1-FCF143B5D89B}.Release|iPhone.Build.0 = Release|Any CPU
		{84EF3A31-D9CE-45D3-83A1-FCF143B5D89B}.Release|iPhoneSimulator.ActiveCfg = Release|Any CPU
		{84EF3A31-D9CE-45D3-83A1-FCF143B5D89B}.Release|iPhoneSimulator.Build.0 = Release|Any CPU
		{84EF3A31-D9CE-45D3-83A1-FCF143B5D89B}.Release|x64.ActiveCfg = Release|Any CPU
		{84EF3A31-D9CE-45D3-83A1-FCF143B5D89B}.Release|x64.Build.0 = Release|Any CPU
		{84EF3A31-D9CE-45D3-83A1-FCF143B5D89B}.Release|x86.ActiveCfg = Release|Any CPU
		{84EF3A31-D9CE-45D3-83A1-FCF143B5D89B}.Release|x86.Build.0 = Release|Any CPU
	EndGlobalSection
	GlobalSection(SolutionProperties) = preSolution
		HideSolutionNode = FALSE
	EndGlobalSection
	GlobalSection(NestedProjects) = preSolution
		{84EF3A31-D9CE-45D3-83A1-FCF143B5D89B} = {85EBB707-C281-4647-8F02-6664DB79A5B0}
	EndGlobalSection
	GlobalSection(ExtensibilityGlobals) = postSolution
		SolutionGuid = {F8FDEAA1-B569-4D4B-9C8F-A1F93610B3BE}
	EndGlobalSection
EndGlobal
